// !$*UTF8*$!
{
	archiveVersion = 1;
	classes = {
	};
	objectVersion = 50;
	objects = {

/* Begin PBXBuildFile section */
		101DCB7D224606ED0098FDEC /* AppDelegate.swift in Sources */ = {isa = PBXBuildFile; fileRef = 101DCB7C224606ED0098FDEC /* AppDelegate.swift */; };
		101DCB7F224606ED0098FDEC /* CoreDataViewController.swift in Sources */ = {isa = PBXBuildFile; fileRef = 101DCB7E224606ED0098FDEC /* CoreDataViewController.swift */; };
		101DCB82224606ED0098FDEC /* Main.storyboard in Resources */ = {isa = PBXBuildFile; fileRef = 101DCB80224606ED0098FDEC /* Main.storyboard */; };
		101DCB85224606ED0098FDEC /* CoreDataTest.xcdatamodeld in Sources */ = {isa = PBXBuildFile; fileRef = 101DCB83224606ED0098FDEC /* CoreDataTest.xcdatamodeld */; };
		101DCB87224606EE0098FDEC /* Assets.xcassets in Resources */ = {isa = PBXBuildFile; fileRef = 101DCB86224606EE0098FDEC /* Assets.xcassets */; };
		101DCB8A224606EE0098FDEC /* LaunchScreen.storyboard in Resources */ = {isa = PBXBuildFile; fileRef = 101DCB88224606EE0098FDEC /* LaunchScreen.storyboard */; };
		10F17049224620E500422E37 /* Item.swift in Sources */ = {isa = PBXBuildFile; fileRef = 10F17048224620E500422E37 /* Item.swift */; };
/* End PBXBuildFile section */

/* Begin PBXFileReference section */
		101DCB79224606ED0098FDEC /* CoreDataTest.app */ = {isa = PBXFileReference; explicitFileType = wrapper.application; includeInIndex = 0; path = CoreDataTest.app; sourceTree = BUILT_PRODUCTS_DIR; };
		101DCB7C224606ED0098FDEC /* AppDelegate.swift */ = {isa = PBXFileReference; lastKnownFileType = sourcecode.swift; path = AppDelegate.swift; sourceTree = "<group>"; };
		101DCB7E224606ED0098FDEC /* CoreDataViewController.swift */ = {isa = PBXFileReference; lastKnownFileType = sourcecode.swift; path = CoreDataViewController.swift; sourceTree = "<group>"; };
		101DCB81224606ED0098FDEC /* Base */ = {isa = PBXFileReference; lastKnownFileType = file.storyboard; name = Base; path = Base.lproj/Main.storyboard; sourceTree = "<group>"; };
		101DCB84224606ED0098FDEC /* CoreDataTest.xcdatamodel */ = {isa = PBXFileReference; lastKnownFileType = wrapper.xcdatamodel; path = CoreDataTest.xcdatamodel; sourceTree = "<group>"; };
		101DCB86224606EE0098FDEC /* Assets.xcassets */ = {isa = PBXFileReference; lastKnownFileType = folder.assetcatalog; path = Assets.xcassets; sourceTree = "<group>"; };
		101DCB89224606EE0098FDEC /* Base */ = {isa = PBXFileReference; lastKnownFileType = file.storyboard; name = Base; path = Base.lproj/LaunchScreen.storyboard; sourceTree = "<group>"; };
		101DCB8B224606EE0098FDEC /* Info.plist */ = {isa = PBXFileReference; lastKnownFileType = text.plist.xml; path = Info.plist; sourceTree = "<group>"; };
		10F17048224620E500422E37 /* Item.swift */ = {isa = PBXFileReference; lastKnownFileType = sourcecode.swift; path = Item.swift; sourceTree = "<group>"; };
/* End PBXFileReference section */

/* Begin PBXFrameworksBuildPhase section */
		101DCB76224606ED0098FDEC /* Frameworks */ = {
			isa = PBXFrameworksBuildPhase;
			buildActionMask = 2147483647;
			files = (
			);
			runOnlyForDeploymentPostprocessing = 0;
		};
/* End PBXFrameworksBuildPhase section */

/* Begin PBXGroup section */
		101DCB70224606ED0098FDEC = {
			isa = PBXGroup;
			children = (
				101DCB7B224606ED0098FDEC /* CoreDataTest */,
				101DCB7A224606ED0098FDEC /* Products */,
			);
			sourceTree = "<group>";
		};
		101DCB7A224606ED0098FDEC /* Products */ = {
			isa = PBXGroup;
			children = (
				101DCB79224606ED0098FDEC /* CoreDataTest.app */,
			);
			name = Products;
			sourceTree = "<group>";
		};
		101DCB7B224606ED0098FDEC /* CoreDataTest */ = {
			isa = PBXGroup;
			children = (
				101DCB8B224606EE0098FDEC /* Info.plist */,
				101DCB94224607360098FDEC /* SupportFiles */,
				101DCB93224607280098FDEC /* View */,
				101DCB92224607180098FDEC /* Controller */,
				101DCB91224607030098FDEC /* Model */,
			);
			path = CoreDataTest;
			sourceTree = "<group>";
		};
		101DCB91224607030098FDEC /* Model */ = {
			isa = PBXGroup;
			children = (
				101DCB83224606ED0098FDEC /* CoreDataTest.xcdatamodeld */,
				10F17048224620E500422E37 /* Item.swift */,
			);
			path = Model;
			sourceTree = "<group>";
		};
		101DCB92224607180098FDEC /* Controller */ = {
			isa = PBXGroup;
			children = (
				101DCB7E224606ED0098FDEC /* CoreDataViewController.swift */,
			);
			path = Controller;
			sourceTree = "<group>";
		};
		101DCB93224607280098FDEC /* View */ = {
			isa = PBXGroup;
			children = (
				101DCB80224606ED0098FDEC /* Main.storyboard */,
			);
			path = View;
			sourceTree = "<group>";
		};
		101DCB94224607360098FDEC /* SupportFiles */ = {
			isa = PBXGroup;
			children = (
				101DCB88224606EE0098FDEC /* LaunchScreen.storyboard */,
				101DCB86224606EE0098FDEC /* Assets.xcassets */,
				101DCB7C224606ED0098FDEC /* AppDelegate.swift */,
			);
			path = SupportFiles;
			sourceTree = "<group>";
		};
/* End PBXGroup section */

/* Begin PBXNativeTarget section */
		101DCB78224606ED0098FDEC /* CoreDataTest */ = {
			isa = PBXNativeTarget;
			buildConfigurationList = 101DCB8E224606EE0098FDEC /* Build configuration list for PBXNativeTarget "CoreDataTest" */;
			buildPhases = (
				101DCB75224606ED0098FDEC /* Sources */,
				101DCB76224606ED0098FDEC /* Frameworks */,
				101DCB77224606ED0098FDEC /* Resources */,
			);
			buildRules = (
			);
			dependencies = (
			);
			name = CoreDataTest;
			productName = CoreDataTest;
			productReference = 101DCB79224606ED0098FDEC /* CoreDataTest.app */;
			productType = "com.apple.product-type.application";
		};
/* End PBXNativeTarget section */

/* Begin PBXProject section */
		101DCB71224606ED0098FDEC /* Project object */ = {
			isa = PBXProject;
			attributes = {
				LastSwiftUpdateCheck = 1010;
				LastUpgradeCheck = 1010;
				ORGANIZATIONNAME = "Muhammad Abdullah Al Mamun";
				TargetAttributes = {
					101DCB78224606ED0098FDEC = {
						CreatedOnToolsVersion = 10.1;
					};
				};
			};
			buildConfigurationList = 101DCB74224606ED0098FDEC /* Build configuration list for PBXProject "CoreDataTest" */;
			compatibilityVersion = "Xcode 9.3";
			developmentRegion = en;
			hasScannedForEncodings = 0;
			knownRegions = (
				en,
				Base,
			);
			mainGroup = 101DCB70224606ED0098FDEC;
			productRefGroup = 101DCB7A224606ED0098FDEC /* Products */;
			projectDirPath = "";
			projectRoot = "";
			targets = (
				101DCB78224606ED0098FDEC /* CoreDataTest */,
			);
		};
/* End PBXProject section */

/* Begin PBXResourcesBuildPhase section */
		101DCB77224606ED0098FDEC /* Resources */ = {
			isa = PBXResourcesBuildPhase;
			buildActionMask = 2147483647;
			files = (
				101DCB8A224606EE0098FDEC /* LaunchScreen.storyboard in Resources */,
				101DCB87224606EE0098FDEC /* Assets.xcassets in Resources */,
				101DCB82224606ED0098FDEC /* Main.storyboard in Resources */,
			);
			runOnlyForDeploymentPostprocessing = 0;
		};
/* End PBXResourcesBuildPhase section */

/* Begin PBXSourcesBuildPhase section */
		101DCB75224606ED0098FDEC /* Sources */ = {
			isa = PBXSourcesBuildPhase;
			buildActionMask = 2147483647;
			files = (
				10F17049224620E500422E37 /* Item.swift in Sources */,
				101DCB7F224606ED0098FDEC /* CoreDataViewController.swift in Sources */,
				101DCB85224606ED0098FDEC /* CoreDataTest.xcdatamodeld in Sources */,
				101DCB7D224606ED0098FDEC /* AppDelegate.swift in Sources */,
			);
			runOnlyForDeploymentPostprocessing = 0;
		};
/* End PBXSourcesBuildPhase section */

/* Begin PBXVariantGroup section */
		101DCB80224606ED0098FDEC /* Main.storyboard */ = {
			isa = PBXVariantGroup;
			children = (
				101DCB81224606ED0098FDEC /* Base */,
			);
			name = Main.storyboard;
			sourceTree = "<group>";
		};
		101DCB88224606EE0098FDEC /* LaunchScreen.storyboard */ = {
			isa = PBXVariantGroup;
			children = (
				101DCB89224606EE0098FDEC /* Base */,
			);
			name = LaunchScreen.storyboard;
			sourceTree = "<group>";
		};
/* End PBXVariantGroup section */

/* Begin XCBuildConfiguration section */
		101DCB8C224606EE0098FDEC /* Debug */ = {
			isa = XCBuildConfiguration;
			buildSettings = {
				ALWAYS_SEARCH_USER_PATHS = NO;
				CLANG_ANALYZER_NONNULL = YES;
				CLANG_ANALYZER_NUMBER_OBJECT_CONVERSION = YES_AGGRESSIVE;
				CLANG_CXX_LANGUAGE_STANDARD = "gnu++14";
				CLANG_CXX_LIBRARY = "libc++";
				CLANG_ENABLE_MODULES = YES;
				CLANG_ENABLE_OBJC_ARC = YES;
				CLANG_ENABLE_OBJC_WEAK = YES;
				CLANG_WARN_BLOCK_CAPTURE_AUTORELEASING = YES;
				CLANG_WARN_BOOL_CONVERSION = YES;
				CLANG_WARN_COMMA = YES;
				CLANG_WARN_CONSTANT_CONVERSION = YES;
				CLANG_WARN_DEPRECATED_OBJC_IMPLEMENTATIONS = YES;
				CLANG_WARN_DIRECT_OBJC_ISA_USAGE = YES_ERROR;
				CLANG_WARN_DOCUMENTATION_COMMENTS = YES;
				CLANG_WARN_EMPTY_BODY = YES;
				CLANG_WARN_ENUM_CONVERSION = YES;
				CLANG_WARN_INFINITE_RECURSION = YES;
				CLANG_WARN_INT_CONVERSION = YES;
				CLANG_WARN_NON_LITERAL_NULL_CONVERSION = YES;
				CLANG_WARN_OBJC_IMPLICIT_RETAIN_SELF = YES;
				CLANG_WARN_OBJC_LITERAL_CONVERSION = YES;
				CLANG_WARN_OBJC_ROOT_CLASS = YES_ERROR;
				CLANG_WARN_RANGE_LOOP_ANALYSIS = YES;
				CLANG_WARN_STRICT_PROTOTYPES = YES;
				CLANG_WARN_SUSPICIOUS_MOVE = YES;
				CLANG_WARN_UNGUARDED_AVAILABILITY = YES_AGGRESSIVE;
				CLANG_WARN_UNREACHABLE_CODE = YES;
				CLANG_WARN__DUPLICATE_METHOD_MATCH = YES;
				CODE_SIGN_IDENTITY = "iPhone Developer";
				COPY_PHASE_STRIP = NO;
				DEBUG_INFORMATION_FORMAT = dwarf;
				ENABLE_STRICT_OBJC_MSGSEND = YES;
				ENABLE_TESTABILITY = YES;
				GCC_C_LANGUAGE_STANDARD = gnu11;
				GCC_DYNAMIC_NO_PIC = NO;
				GCC_NO_COMMON_BLOCKS = YES;
				GCC_OPTIMIZATION_LEVEL = 0;
				GCC_PREPROCESSOR_DEFINITIONS = (
					"DEBUG=1",
					"$(inherited)",
				);
				GCC_WARN_64_TO_32_BIT_CONVERSION = YES;
				GCC_WARN_ABOUT_RETURN_TYPE = YES_ERROR;
				GCC_WARN_UNDECLARED_SELECTOR = YES;
				GCC_WARN_UNINITIALIZED_AUTOS = YES_AGGRESSIVE;
				GCC_WARN_UNUSED_FUNCTION = YES;
				GCC_WARN_UNUSED_VARIABLE = YES;
				IPHONEOS_DEPLOYMENT_TARGET = 12.1;
				MTL_ENABLE_DEBUG_INFO = INCLUDE_SOURCE;
				MTL_FAST_MATH = YES;
				ONLY_ACTIVE_ARCH = YES;
				SDKROOT = iphoneos;
				SWIFT_ACTIVE_COMPILATION_CONDITIONS = DEBUG;
				SWIFT_OPTIMIZATION_LEVEL = "-Onone";
			};
			name = Debug;
		};
		101DCB8D224606EE0098FDEC /* Release */ = {
			isa = XCBuildConfiguration;
			buildSettings = {
				ALWAYS_SEARCH_USER_PATHS = NO;
				CLANG_ANALYZER_NONNULL = YES;
				CLANG_ANALYZER_NUMBER_OBJECT_CONVERSION = YES_AGGRESSIVE;
				CLANG_CXX_LANGUAGE_STANDARD = "gnu++14";
				CLANG_CXX_LIBRARY = "libc++";
				CLANG_ENABLE_MODULES = YES;
				CLANG_ENABLE_OBJC_ARC = YES;
				CLANG_ENABLE_OBJC_WEAK = YES;
				CLANG_WARN_BLOCK_CAPTURE_AUTORELEASING = YES;
				CLANG_WARN_BOOL_CONVERSION = YES;
				CLANG_WARN_COMMA = YES;
				CLANG_WARN_CONSTANT_CONVERSION = YES;
				CLANG_WARN_DEPRECATED_OBJC_IMPLEMENTATIONS = YES;
				CLANG_WARN_DIRECT_OBJC_ISA_USAGE = YES_ERROR;
				CLANG_WARN_DOCUMENTATION_COMMENTS = YES;
				CLANG_WARN_EMPTY_BODY = YES;
				CLANG_WARN_ENUM_CONVERSION = YES;
				CLANG_WARN_INFINITE_RECURSION = YES;
				CLANG_WARN_INT_CONVERSION = YES;
				CLANG_WARN_NON_LITERAL_NULL_CONVERSION = YES;
				CLANG_WARN_OBJC_IMPLICIT_RETAIN_SELF = YES;
				CLANG_WARN_OBJC_LITERAL_CONVERSION = YES;
				CLANG_WARN_OBJC_ROOT_CLASS = YES_ERROR;
				CLANG_WARN_RANGE_LOOP_ANALYSIS = YES;
				CLANG_WARN_STRICT_PROTOTYPES = YES;
				CLANG_WARN_SUSPICIOUS_MOVE = YES;
				CLANG_WARN_UNGUARDED_AVAILABILITY = YES_AGGRESSIVE;
				CLANG_WARN_UNREACHABLE_CODE = YES;
				CLANG_WARN__DUPLICATE_METHOD_MATCH = YES;
				CODE_SIGN_IDENTITY = "iPhone Developer";
				COPY_PHASE_STRIP = NO;
				DEBUG_INFORMATION_FORMAT = "dwarf-with-dsym";
				ENABLE_NS_ASSERTIONS = NO;
				ENABLE_STRICT_OBJC_MSGSEND = YES;
				GCC_C_LANGUAGE_STANDARD = gnu11;
				GCC_NO_COMMON_BLOCKS = YES;
				GCC_WARN_64_TO_32_BIT_CONVERSION = YES;
				GCC_WARN_ABOUT_RETURN_TYPE = YES_ERROR;
				GCC_WARN_UNDECLARED_SELECTOR = YES;
				GCC_WARN_UNINITIALIZED_AUTOS = YES_AGGRESSIVE;
				GCC_WARN_UNUSED_FUNCTION = YES;
				GCC_WARN_UNUSED_VARIABLE = YES;
				IPHONEOS_DEPLOYMENT_TARGET = 12.1;
				MTL_ENABLE_DEBUG_INFO = NO;
				MTL_FAST_MATH = YES;
				SDKROOT = iphoneos;
				SWIFT_COMPILATION_MODE = wholemodule;
				SWIFT_OPTIMIZATION_LEVEL = "-O";
				VALIDATE_PRODUCT = YES;
			};
			name = Release;
		};
		101DCB8F224606EE0098FDEC /* Debug */ = {
			isa = XCBuildConfiguration;
			buildSettings = {
				ASSETCATALOG_COMPILER_APPICON_NAME = AppIcon;
				CODE_SIGN_STYLE = Automatic;
				DEVELOPMENT_TEAM = 394UL6G6J2;
				INFOPLIST_FILE = CoreDataTest/Info.plist;
				LD_RUNPATH_SEARCH_PATHS = (
					"$(inherited)",
					"@executable_path/Frameworks",
				);
				PRODUCT_BUNDLE_IDENTIFIER = com.abdullah.CoreDataTest;
				PRODUCT_NAME = "$(TARGET_NAME)";
				SWIFT_VERSION = 4.2;
				TARGETED_DEVICE_FAMILY = "1,2";
			};
			name = Debug;
		};
		101DCB90224606EE0098FDEC /* Release */ = {
			isa = XCBuildConfiguration;
			buildSettings = {
				ASSETCATALOG_COMPILER_APPICON_NAME = AppIcon;
				CODE_SIGN_STYLE = Automatic;
				DEVELOPMENT_TEAM = 394UL6G6J2;
				INFOPLIST_FILE = CoreDataTest/Info.plist;
				LD_RUNPATH_SEARCH_PATHS = (
					"$(inherited)",
					"@executable_path/Frameworks",
				);
				PRODUCT_BUNDLE_IDENTIFIER = com.abdullah.CoreDataTest;
				PRODUCT_NAME = "$(TARGET_NAME)";
				SWIFT_VERSION = 4.2;
				TARGETED_DEVICE_FAMILY = "1,2";
			};
			name = Release;
		};
/* End XCBuildConfiguration section */

/* Begin XCConfigurationList section */
		101DCB74224606ED0098FDEC /* Build configuration list for PBXProject "CoreDataTest" */ = {
			isa = XCConfigurationList;
			buildConfigurations = (
				101DCB8C224606EE0098FDEC /* Debug */,
				101DCB8D224606EE0098FDEC /* Release */,
			);
			defaultConfigurationIsVisible = 0;
			defaultConfigurationName = Release;
		};
		101DCB8E224606EE0098FDEC /* Build configuration list for PBXNativeTarget "CoreDataTest" */ = {
			isa = XCConfigurationList;
			buildConfigurations = (
				101DCB8F224606EE0098FDEC /* Debug */,
				101DCB90224606EE0098FDEC /* Release */,
			);
			defaultConfigurationIsVisible = 0;
			defaultConfigurationName = Release;
		};
/* End XCConfigurationList section */

/* Begin XCVersionGroup section */
		101DCB83224606ED0098FDEC /* CoreDataTest.xcdatamodeld */ = {
			isa = XCVersionGroup;
			children = (
				101DCB84224606ED0098FDEC /* CoreDataTest.xcdatamodel */,
			);
			currentVersion = 101DCB84224606ED0098FDEC /* CoreDataTest.xcdatamodel */;
			path = CoreDataTest.xcdatamodeld;
			sourceTree = "<group>";
			versionGroupType = wrapper.xcdatamodel;
		};
/* End XCVersionGroup section */
	};
	rootObject = 101DCB71224606ED0098FDEC /* Project object */;
}
